// !$*UTF8*$!
{
	archiveVersion = 1;
	classes = {
	};
	objectVersion = 50;
	objects = {

/* Begin PBXBuildFile section */
		23702F5B2469EAD200AB8025 /* ContactRepository.swift in Sources */ = {isa = PBXBuildFile; fileRef = 23702F5A2469EAD200AB8025 /* ContactRepository.swift */; };
		23702F5D2469EC7900AB8025 /* ContactTypeRepository.swift in Sources */ = {isa = PBXBuildFile; fileRef = 23702F5C2469EC7900AB8025 /* ContactTypeRepository.swift */; };
		23821AE2246C20B0003046BC /* ContactTypeTableViewCell.swift in Sources */ = {isa = PBXBuildFile; fileRef = 23821AE1246C20B0003046BC /* ContactTypeTableViewCell.swift */; };
		23821AE4246C22BA003046BC /* ContactTypesViewController.swift in Sources */ = {isa = PBXBuildFile; fileRef = 23821AE3246C22BA003046BC /* ContactTypesViewController.swift */; };
		23BA48242469BFC7004E4F1A /* AppDelegate.swift in Sources */ = {isa = PBXBuildFile; fileRef = 23BA48232469BFC7004E4F1A /* AppDelegate.swift */; };
		23BA48262469BFC7004E4F1A /* SceneDelegate.swift in Sources */ = {isa = PBXBuildFile; fileRef = 23BA48252469BFC7004E4F1A /* SceneDelegate.swift */; };
		23BA48282469BFC7004E4F1A /* PersonViewController.swift in Sources */ = {isa = PBXBuildFile; fileRef = 23BA48272469BFC7004E4F1A /* PersonViewController.swift */; };
		23BA482B2469BFC7004E4F1A /* Main.storyboard in Resources */ = {isa = PBXBuildFile; fileRef = 23BA48292469BFC7004E4F1A /* Main.storyboard */; };
		23BA482E2469BFC7004E4F1A /* CoreDataDemo.xcdatamodeld in Sources */ = {isa = PBXBuildFile; fileRef = 23BA482C2469BFC7004E4F1A /* CoreDataDemo.xcdatamodeld */; };
		23BA48302469BFC8004E4F1A /* Assets.xcassets in Resources */ = {isa = PBXBuildFile; fileRef = 23BA482F2469BFC8004E4F1A /* Assets.xcassets */; };
		23BA48332469BFC8004E4F1A /* LaunchScreen.storyboard in Resources */ = {isa = PBXBuildFile; fileRef = 23BA48312469BFC8004E4F1A /* LaunchScreen.storyboard */; };
		23BA484C2469C96B004E4F1A /* ContactType+CoreDataClass.swift in Sources */ = {isa = PBXBuildFile; fileRef = 23BA48462469C96B004E4F1A /* ContactType+CoreDataClass.swift */; };
		23BA484D2469C96B004E4F1A /* ContactType+CoreDataProperties.swift in Sources */ = {isa = PBXBuildFile; fileRef = 23BA48472469C96B004E4F1A /* ContactType+CoreDataProperties.swift */; };
		23BA484E2469C96B004E4F1A /* Contact+CoreDataClass.swift in Sources */ = {isa = PBXBuildFile; fileRef = 23BA48482469C96B004E4F1A /* Contact+CoreDataClass.swift */; };
		23BA484F2469C96B004E4F1A /* Contact+CoreDataProperties.swift in Sources */ = {isa = PBXBuildFile; fileRef = 23BA48492469C96B004E4F1A /* Contact+CoreDataProperties.swift */; };
		23BA48502469C96B004E4F1A /* Person+CoreDataClass.swift in Sources */ = {isa = PBXBuildFile; fileRef = 23BA484A2469C96B004E4F1A /* Person+CoreDataClass.swift */; };
		23BA48512469C96B004E4F1A /* Person+CoreDataProperties.swift in Sources */ = {isa = PBXBuildFile; fileRef = 23BA484B2469C96B004E4F1A /* Person+CoreDataProperties.swift */; };
		23BA48542469CA25004E4F1A /* PersonRepository.swift in Sources */ = {isa = PBXBuildFile; fileRef = 23BA48532469CA25004E4F1A /* PersonRepository.swift */; };
		23F3D262246A8C52007FCF57 /* PersonTableViewCell.swift in Sources */ = {isa = PBXBuildFile; fileRef = 23F3D261246A8C52007FCF57 /* PersonTableViewCell.swift */; };
		23F3D264246A9657007FCF57 /* ContactTableViewCell.swift in Sources */ = {isa = PBXBuildFile; fileRef = 23F3D263246A9657007FCF57 /* ContactTableViewCell.swift */; };
		23F3D267246AA30C007FCF57 /* ContactViewController.swift in Sources */ = {isa = PBXBuildFile; fileRef = 23F3D265246A978A007FCF57 /* ContactViewController.swift */; };
/* End PBXBuildFile section */

/* Begin PBXFileReference section */
		23702F5A2469EAD200AB8025 /* ContactRepository.swift */ = {isa = PBXFileReference; lastKnownFileType = sourcecode.swift; path = ContactRepository.swift; sourceTree = "<group>"; };
		23702F5C2469EC7900AB8025 /* ContactTypeRepository.swift */ = {isa = PBXFileReference; lastKnownFileType = sourcecode.swift; path = ContactTypeRepository.swift; sourceTree = "<group>"; };
		23821AE1246C20B0003046BC /* ContactTypeTableViewCell.swift */ = {isa = PBXFileReference; lastKnownFileType = sourcecode.swift; path = ContactTypeTableViewCell.swift; sourceTree = "<group>"; };
		23821AE3246C22BA003046BC /* ContactTypesViewController.swift */ = {isa = PBXFileReference; lastKnownFileType = sourcecode.swift; path = ContactTypesViewController.swift; sourceTree = "<group>"; };
		23BA48202469BFC7004E4F1A /* CoreDataDemo.app */ = {isa = PBXFileReference; explicitFileType = wrapper.application; includeInIndex = 0; path = CoreDataDemo.app; sourceTree = BUILT_PRODUCTS_DIR; };
		23BA48232469BFC7004E4F1A /* AppDelegate.swift */ = {isa = PBXFileReference; lastKnownFileType = sourcecode.swift; path = AppDelegate.swift; sourceTree = "<group>"; };
		23BA48252469BFC7004E4F1A /* SceneDelegate.swift */ = {isa = PBXFileReference; lastKnownFileType = sourcecode.swift; path = SceneDelegate.swift; sourceTree = "<group>"; };
		23BA48272469BFC7004E4F1A /* PersonViewController.swift */ = {isa = PBXFileReference; lastKnownFileType = sourcecode.swift; path = PersonViewController.swift; sourceTree = "<group>"; };
		23BA482A2469BFC7004E4F1A /* Base */ = {isa = PBXFileReference; lastKnownFileType = file.storyboard; name = Base; path = Base.lproj/Main.storyboard; sourceTree = "<group>"; };
		23BA482D2469BFC7004E4F1A /* CoreDataDemo.xcdatamodel */ = {isa = PBXFileReference; lastKnownFileType = wrapper.xcdatamodel; path = CoreDataDemo.xcdatamodel; sourceTree = "<group>"; };
		23BA482F2469BFC8004E4F1A /* Assets.xcassets */ = {isa = PBXFileReference; lastKnownFileType = folder.assetcatalog; path = Assets.xcassets; sourceTree = "<group>"; };
		23BA48322469BFC8004E4F1A /* Base */ = {isa = PBXFileReference; lastKnownFileType = file.storyboard; name = Base; path = Base.lproj/LaunchScreen.storyboard; sourceTree = "<group>"; };
		23BA48342469BFC8004E4F1A /* Info.plist */ = {isa = PBXFileReference; lastKnownFileType = text.plist.xml; path = Info.plist; sourceTree = "<group>"; };
		23BA48462469C96B004E4F1A /* ContactType+CoreDataClass.swift */ = {isa = PBXFileReference; lastKnownFileType = sourcecode.swift; path = "ContactType+CoreDataClass.swift"; sourceTree = "<group>"; };
		23BA48472469C96B004E4F1A /* ContactType+CoreDataProperties.swift */ = {isa = PBXFileReference; lastKnownFileType = sourcecode.swift; path = "ContactType+CoreDataProperties.swift"; sourceTree = "<group>"; };
		23BA48482469C96B004E4F1A /* Contact+CoreDataClass.swift */ = {isa = PBXFileReference; lastKnownFileType = sourcecode.swift; path = "Contact+CoreDataClass.swift"; sourceTree = "<group>"; };
		23BA48492469C96B004E4F1A /* Contact+CoreDataProperties.swift */ = {isa = PBXFileReference; lastKnownFileType = sourcecode.swift; path = "Contact+CoreDataProperties.swift"; sourceTree = "<group>"; };
		23BA484A2469C96B004E4F1A /* Person+CoreDataClass.swift */ = {isa = PBXFileReference; lastKnownFileType = sourcecode.swift; path = "Person+CoreDataClass.swift"; sourceTree = "<group>"; };
		23BA484B2469C96B004E4F1A /* Person+CoreDataProperties.swift */ = {isa = PBXFileReference; lastKnownFileType = sourcecode.swift; path = "Person+CoreDataProperties.swift"; sourceTree = "<group>"; };
		23BA48532469CA25004E4F1A /* PersonRepository.swift */ = {isa = PBXFileReference; lastKnownFileType = sourcecode.swift; path = PersonRepository.swift; sourceTree = "<group>"; };
		23F3D261246A8C52007FCF57 /* PersonTableViewCell.swift */ = {isa = PBXFileReference; lastKnownFileType = sourcecode.swift; path = PersonTableViewCell.swift; sourceTree = "<group>"; };
		23F3D263246A9657007FCF57 /* ContactTableViewCell.swift */ = {isa = PBXFileReference; lastKnownFileType = sourcecode.swift; path = ContactTableViewCell.swift; sourceTree = "<group>"; };
		23F3D265246A978A007FCF57 /* ContactViewController.swift */ = {isa = PBXFileReference; lastKnownFileType = sourcecode.swift; path = ContactViewController.swift; sourceTree = "<group>"; };
/* End PBXFileReference section */

/* Begin PBXFrameworksBuildPhase section */
		23BA481D2469BFC6004E4F1A /* Frameworks */ = {
			isa = PBXFrameworksBuildPhase;
			buildActionMask = 2147483647;
			files = (
			);
			runOnlyForDeploymentPostprocessing = 0;
		};
/* End PBXFrameworksBuildPhase section */

/* Begin PBXGroup section */
		23BA48172469BFC6004E4F1A = {
			isa = PBXGroup;
			children = (
				23BA48222469BFC7004E4F1A /* CoreDataDemo */,
				23BA48212469BFC7004E4F1A /* Products */,
			);
			sourceTree = "<group>";
		};
		23BA48212469BFC7004E4F1A /* Products */ = {
			isa = PBXGroup;
			children = (
				23BA48202469BFC7004E4F1A /* CoreDataDemo.app */,
			);
			name = Products;
			sourceTree = "<group>";
		};
		23BA48222469BFC7004E4F1A /* CoreDataDemo */ = {
			isa = PBXGroup;
			children = (
				23BA48552469CA2D004E4F1A /* Repositories */,
				23BA48522469C984004E4F1A /* Domain */,
				23BA48232469BFC7004E4F1A /* AppDelegate.swift */,
				23BA48252469BFC7004E4F1A /* SceneDelegate.swift */,
				23BA48272469BFC7004E4F1A /* PersonViewController.swift */,
				23BA482F2469BFC8004E4F1A /* Assets.xcassets */,
				23BA48292469BFC7004E4F1A /* Main.storyboard */,
				23BA48312469BFC8004E4F1A /* LaunchScreen.storyboard */,
				23821AE1246C20B0003046BC /* ContactTypeTableViewCell.swift */,
				23BA48342469BFC8004E4F1A /* Info.plist */,
				23F3D261246A8C52007FCF57 /* PersonTableViewCell.swift */,
				23BA482C2469BFC7004E4F1A /* CoreDataDemo.xcdatamodeld */,
				23F3D263246A9657007FCF57 /* ContactTableViewCell.swift */,
				23F3D265246A978A007FCF57 /* ContactViewController.swift */,
				23821AE3246C22BA003046BC /* ContactTypesViewController.swift */,
			);
			path = CoreDataDemo;
			sourceTree = "<group>";
		};
		23BA48522469C984004E4F1A /* Domain */ = {
			isa = PBXGroup;
			children = (
				23BA48462469C96B004E4F1A /* ContactType+CoreDataClass.swift */,
				23BA48472469C96B004E4F1A /* ContactType+CoreDataProperties.swift */,
				23BA48482469C96B004E4F1A /* Contact+CoreDataClass.swift */,
				23BA48492469C96B004E4F1A /* Contact+CoreDataProperties.swift */,
				23BA484A2469C96B004E4F1A /* Person+CoreDataClass.swift */,
				23BA484B2469C96B004E4F1A /* Person+CoreDataProperties.swift */,
			);
			name = Domain;
			path = ../Domain;
			sourceTree = "<group>";
		};
		23BA48552469CA2D004E4F1A /* Repositories */ = {
			isa = PBXGroup;
			children = (
				23BA48532469CA25004E4F1A /* PersonRepository.swift */,
				23702F5A2469EAD200AB8025 /* ContactRepository.swift */,
				23702F5C2469EC7900AB8025 /* ContactTypeRepository.swift */,
			);
			path = Repositories;
			sourceTree = "<group>";
		};
/* End PBXGroup section */

/* Begin PBXNativeTarget section */
		23BA481F2469BFC6004E4F1A /* CoreDataDemo */ = {
			isa = PBXNativeTarget;
			buildConfigurationList = 23BA48372469BFC8004E4F1A /* Build configuration list for PBXNativeTarget "CoreDataDemo" */;
			buildPhases = (
				23BA481C2469BFC6004E4F1A /* Sources */,
				23BA481D2469BFC6004E4F1A /* Frameworks */,
				23BA481E2469BFC6004E4F1A /* Resources */,
			);
			buildRules = (
			);
			dependencies = (
			);
			name = CoreDataDemo;
			productName = CoreDataDemo;
			productReference = 23BA48202469BFC7004E4F1A /* CoreDataDemo.app */;
			productType = "com.apple.product-type.application";
		};
/* End PBXNativeTarget section */

/* Begin PBXProject section */
		23BA48182469BFC6004E4F1A /* Project object */ = {
			isa = PBXProject;
			attributes = {
				LastSwiftUpdateCheck = 1140;
				LastUpgradeCheck = 1140;
				ORGANIZATIONNAME = Liis;
				TargetAttributes = {
					23BA481F2469BFC6004E4F1A = {
						CreatedOnToolsVersion = 11.4.1;
					};
				};
			};
			buildConfigurationList = 23BA481B2469BFC6004E4F1A /* Build configuration list for PBXProject "CoreDataDemo" */;
			compatibilityVersion = "Xcode 9.3";
			developmentRegion = en;
			hasScannedForEncodings = 0;
			knownRegions = (
				en,
				Base,
			);
			mainGroup = 23BA48172469BFC6004E4F1A;
			productRefGroup = 23BA48212469BFC7004E4F1A /* Products */;
			projectDirPath = "";
			projectRoot = "";
			targets = (
				23BA481F2469BFC6004E4F1A /* CoreDataDemo */,
			);
		};
/* End PBXProject section */

/* Begin PBXResourcesBuildPhase section */
		23BA481E2469BFC6004E4F1A /* Resources */ = {
			isa = PBXResourcesBuildPhase;
			buildActionMask = 2147483647;
			files = (
				23BA48332469BFC8004E4F1A /* LaunchScreen.storyboard in Resources */,
				23BA48302469BFC8004E4F1A /* Assets.xcassets in Resources */,
				23BA482B2469BFC7004E4F1A /* Main.storyboard in Resources */,
			);
			runOnlyForDeploymentPostprocessing = 0;
		};
/* End PBXResourcesBuildPhase section */

/* Begin PBXSourcesBuildPhase section */
		23BA481C2469BFC6004E4F1A /* Sources */ = {
			isa = PBXSourcesBuildPhase;
			buildActionMask = 2147483647;
			files = (
				23BA48542469CA25004E4F1A /* PersonRepository.swift in Sources */,
				23BA484D2469C96B004E4F1A /* ContactType+CoreDataProperties.swift in Sources */,
				23BA484E2469C96B004E4F1A /* Contact+CoreDataClass.swift in Sources */,
				23F3D267246AA30C007FCF57 /* ContactViewController.swift in Sources */,
				23F3D262246A8C52007FCF57 /* PersonTableViewCell.swift in Sources */,
				23F3D264246A9657007FCF57 /* ContactTableViewCell.swift in Sources */,
				23821AE2246C20B0003046BC /* ContactTypeTableViewCell.swift in Sources */,
				23BA484C2469C96B004E4F1A /* ContactType+CoreDataClass.swift in Sources */,
				23702F5D2469EC7900AB8025 /* ContactTypeRepository.swift in Sources */,
				23BA48282469BFC7004E4F1A /* PersonViewController.swift in Sources */,
				23821AE4246C22BA003046BC /* ContactTypesViewController.swift in Sources */,
				23BA484F2469C96B004E4F1A /* Contact+CoreDataProperties.swift in Sources */,
				23702F5B2469EAD200AB8025 /* ContactRepository.swift in Sources */,
				23BA48502469C96B004E4F1A /* Person+CoreDataClass.swift in Sources */,
				23BA48512469C96B004E4F1A /* Person+CoreDataProperties.swift in Sources */,
				23BA482E2469BFC7004E4F1A /* CoreDataDemo.xcdatamodeld in Sources */,
				23BA48242469BFC7004E4F1A /* AppDelegate.swift in Sources */,
				23BA48262469BFC7004E4F1A /* SceneDelegate.swift in Sources */,
			);
			runOnlyForDeploymentPostprocessing = 0;
		};
/* End PBXSourcesBuildPhase section */

/* Begin PBXVariantGroup section */
		23BA48292469BFC7004E4F1A /* Main.storyboard */ = {
			isa = PBXVariantGroup;
			children = (
				23BA482A2469BFC7004E4F1A /* Base */,
			);
			name = Main.storyboard;
			sourceTree = "<group>";
		};
		23BA48312469BFC8004E4F1A /* LaunchScreen.storyboard */ = {
			isa = PBXVariantGroup;
			children = (
				23BA48322469BFC8004E4F1A /* Base */,
			);
			name = LaunchScreen.storyboard;
			sourceTree = "<group>";
		};
/* End PBXVariantGroup section */

/* Begin XCBuildConfiguration section */
		23BA48352469BFC8004E4F1A /* Debug */ = {
			isa = XCBuildConfiguration;
			buildSettings = {
				ALWAYS_SEARCH_USER_PATHS = NO;
				CLANG_ANALYZER_NONNULL = YES;
				CLANG_ANALYZER_NUMBER_OBJECT_CONVERSION = YES_AGGRESSIVE;
				CLANG_CXX_LANGUAGE_STANDARD = "gnu++14";
				CLANG_CXX_LIBRARY = "libc++";
				CLANG_ENABLE_MODULES = YES;
				CLANG_ENABLE_OBJC_ARC = YES;
				CLANG_ENABLE_OBJC_WEAK = YES;
				CLANG_WARN_BLOCK_CAPTURE_AUTORELEASING = YES;
				CLANG_WARN_BOOL_CONVERSION = YES;
				CLANG_WARN_COMMA = YES;
				CLANG_WARN_CONSTANT_CONVERSION = YES;
				CLANG_WARN_DEPRECATED_OBJC_IMPLEMENTATIONS = YES;
				CLANG_WARN_DIRECT_OBJC_ISA_USAGE = YES_ERROR;
				CLANG_WARN_DOCUMENTATION_COMMENTS = YES;
				CLANG_WARN_EMPTY_BODY = YES;
				CLANG_WARN_ENUM_CONVERSION = YES;
				CLANG_WARN_INFINITE_RECURSION = YES;
				CLANG_WARN_INT_CONVERSION = YES;
				CLANG_WARN_NON_LITERAL_NULL_CONVERSION = YES;
				CLANG_WARN_OBJC_IMPLICIT_RETAIN_SELF = YES;
				CLANG_WARN_OBJC_LITERAL_CONVERSION = YES;
				CLANG_WARN_OBJC_ROOT_CLASS = YES_ERROR;
				CLANG_WARN_RANGE_LOOP_ANALYSIS = YES;
				CLANG_WARN_STRICT_PROTOTYPES = YES;
				CLANG_WARN_SUSPICIOUS_MOVE = YES;
				CLANG_WARN_UNGUARDED_AVAILABILITY = YES_AGGRESSIVE;
				CLANG_WARN_UNREACHABLE_CODE = YES;
				CLANG_WARN__DUPLICATE_METHOD_MATCH = YES;
				COPY_PHASE_STRIP = NO;
				DEBUG_INFORMATION_FORMAT = dwarf;
				ENABLE_STRICT_OBJC_MSGSEND = YES;
				ENABLE_TESTABILITY = YES;
				GCC_C_LANGUAGE_STANDARD = gnu11;
				GCC_DYNAMIC_NO_PIC = NO;
				GCC_NO_COMMON_BLOCKS = YES;
				GCC_OPTIMIZATION_LEVEL = 0;
				GCC_PREPROCESSOR_DEFINITIONS = (
					"DEBUG=1",
					"$(inherited)",
				);
				GCC_WARN_64_TO_32_BIT_CONVERSION = YES;
				GCC_WARN_ABOUT_RETURN_TYPE = YES_ERROR;
				GCC_WARN_UNDECLARED_SELECTOR = YES;
				GCC_WARN_UNINITIALIZED_AUTOS = YES_AGGRESSIVE;
				GCC_WARN_UNUSED_FUNCTION = YES;
				GCC_WARN_UNUSED_VARIABLE = YES;
				IPHONEOS_DEPLOYMENT_TARGET = 13.4;
				MTL_ENABLE_DEBUG_INFO = INCLUDE_SOURCE;
				MTL_FAST_MATH = YES;
				ONLY_ACTIVE_ARCH = YES;
				SDKROOT = iphoneos;
				SWIFT_ACTIVE_COMPILATION_CONDITIONS = DEBUG;
				SWIFT_OPTIMIZATION_LEVEL = "-Onone";
			};
			name = Debug;
		};
		23BA48362469BFC8004E4F1A /* Release */ = {
			isa = XCBuildConfiguration;
			buildSettings = {
				ALWAYS_SEARCH_USER_PATHS = NO;
				CLANG_ANALYZER_NONNULL = YES;
				CLANG_ANALYZER_NUMBER_OBJECT_CONVERSION = YES_AGGRESSIVE;
				CLANG_CXX_LANGUAGE_STANDARD = "gnu++14";
				CLANG_CXX_LIBRARY = "libc++";
				CLANG_ENABLE_MODULES = YES;
				CLANG_ENABLE_OBJC_ARC = YES;
				CLANG_ENABLE_OBJC_WEAK = YES;
				CLANG_WARN_BLOCK_CAPTURE_AUTORELEASING = YES;
				CLANG_WARN_BOOL_CONVERSION = YES;
				CLANG_WARN_COMMA = YES;
				CLANG_WARN_CONSTANT_CONVERSION = YES;
				CLANG_WARN_DEPRECATED_OBJC_IMPLEMENTATIONS = YES;
				CLANG_WARN_DIRECT_OBJC_ISA_USAGE = YES_ERROR;
				CLANG_WARN_DOCUMENTATION_COMMENTS = YES;
				CLANG_WARN_EMPTY_BODY = YES;
				CLANG_WARN_ENUM_CONVERSION = YES;
				CLANG_WARN_INFINITE_RECURSION = YES;
				CLANG_WARN_INT_CONVERSION = YES;
				CLANG_WARN_NON_LITERAL_NULL_CONVERSION = YES;
				CLANG_WARN_OBJC_IMPLICIT_RETAIN_SELF = YES;
				CLANG_WARN_OBJC_LITERAL_CONVERSION = YES;
				CLANG_WARN_OBJC_ROOT_CLASS = YES_ERROR;
				CLANG_WARN_RANGE_LOOP_ANALYSIS = YES;
				CLANG_WARN_STRICT_PROTOTYPES = YES;
				CLANG_WARN_SUSPICIOUS_MOVE = YES;
				CLANG_WARN_UNGUARDED_AVAILABILITY = YES_AGGRESSIVE;
				CLANG_WARN_UNREACHABLE_CODE = YES;
				CLANG_WARN__DUPLICATE_METHOD_MATCH = YES;
				COPY_PHASE_STRIP = NO;
				DEBUG_INFORMATION_FORMAT = "dwarf-with-dsym";
				ENABLE_NS_ASSERTIONS = NO;
				ENABLE_STRICT_OBJC_MSGSEND = YES;
				GCC_C_LANGUAGE_STANDARD = gnu11;
				GCC_NO_COMMON_BLOCKS = YES;
				GCC_WARN_64_TO_32_BIT_CONVERSION = YES;
				GCC_WARN_ABOUT_RETURN_TYPE = YES_ERROR;
				GCC_WARN_UNDECLARED_SELECTOR = YES;
				GCC_WARN_UNINITIALIZED_AUTOS = YES_AGGRESSIVE;
				GCC_WARN_UNUSED_FUNCTION = YES;
				GCC_WARN_UNUSED_VARIABLE = YES;
				IPHONEOS_DEPLOYMENT_TARGET = 13.4;
				MTL_ENABLE_DEBUG_INFO = NO;
				MTL_FAST_MATH = YES;
				SDKROOT = iphoneos;
				SWIFT_COMPILATION_MODE = wholemodule;
				SWIFT_OPTIMIZATION_LEVEL = "-O";
				VALIDATE_PRODUCT = YES;
			};
			name = Release;
		};
		23BA48382469BFC8004E4F1A /* Debug */ = {
			isa = XCBuildConfiguration;
			buildSettings = {
				ASSETCATALOG_COMPILER_APPICON_NAME = AppIcon;
				CODE_SIGN_STYLE = Automatic;
				INFOPLIST_FILE = CoreDataDemo/Info.plist;
				LD_RUNPATH_SEARCH_PATHS = (
					"$(inherited)",
					"@executable_path/Frameworks",
				);
				PRODUCT_BUNDLE_IDENTIFIER = ee.taltech.iti0213.CoreDataDemo;
				PRODUCT_NAME = "$(TARGET_NAME)";
				SWIFT_VERSION = 5.0;
				TARGETED_DEVICE_FAMILY = "1,2";
			};
			name = Debug;
		};
		23BA48392469BFC8004E4F1A /* Release */ = {
			isa = XCBuildConfiguration;
			buildSettings = {
				ASSETCATALOG_COMPILER_APPICON_NAME = AppIcon;
				CODE_SIGN_STYLE = Automatic;
				INFOPLIST_FILE = CoreDataDemo/Info.plist;
				LD_RUNPATH_SEARCH_PATHS = (
					"$(inherited)",
					"@executable_path/Frameworks",
				);
				PRODUCT_BUNDLE_IDENTIFIER = ee.taltech.iti0213.CoreDataDemo;
				PRODUCT_NAME = "$(TARGET_NAME)";
				SWIFT_VERSION = 5.0;
				TARGETED_DEVICE_FAMILY = "1,2";
			};
			name = Release;
		};
/* End XCBuildConfiguration section */

/* Begin XCConfigurationList section */
		23BA481B2469BFC6004E4F1A /* Build configuration list for PBXProject "CoreDataDemo" */ = {
			isa = XCConfigurationList;
			buildConfigurations = (
				23BA48352469BFC8004E4F1A /* Debug */,
				23BA48362469BFC8004E4F1A /* Release */,
			);
			defaultConfigurationIsVisible = 0;
			defaultConfigurationName = Release;
		};
		23BA48372469BFC8004E4F1A /* Build configuration list for PBXNativeTarget "CoreDataDemo" */ = {
			isa = XCConfigurationList;
			buildConfigurations = (
				23BA48382469BFC8004E4F1A /* Debug */,
				23BA48392469BFC8004E4F1A /* Release */,
			);
			defaultConfigurationIsVisible = 0;
			defaultConfigurationName = Release;
		};
/* End XCConfigurationList section */

/* Begin XCVersionGroup section */
		23BA482C2469BFC7004E4F1A /* CoreDataDemo.xcdatamodeld */ = {
			isa = XCVersionGroup;
			children = (
				23BA482D2469BFC7004E4F1A /* CoreDataDemo.xcdatamodel */,
			);
			currentVersion = 23BA482D2469BFC7004E4F1A /* CoreDataDemo.xcdatamodel */;
			path = CoreDataDemo.xcdatamodeld;
			sourceTree = "<group>";
			versionGroupType = wrapper.xcdatamodel;
		};
/* End XCVersionGroup section */
	};
	rootObject = 23BA48182469BFC6004E4F1A /* Project object */;
}
